{
  "name": "angulon",
  "lockfileVersion": 2,
  "requires": true,
  "packages": {
    "": {
      "devDependencies": {
        "@types/three": "^0.130.1"
      }
    },
    "node_modules/@types/three": {
      "version": "0.130.1",
      "resolved": "https://registry.npmjs.org/@types/three/-/three-0.130.1.tgz",
      "integrity": "sha512-FlCR3CxQHxCmjI0ZCG59O/E15bV+bx7XRO+nJ7RY8KBg2pEF/52frmV/uh9SrLd+ORx+7Zc7NxnJm5Kj4xS9Sg==",
      "dev": true
    }
  },
  "dependencies": {
    "@types/three": {
      "version": "0.130.1",
      "resolved": "https://registry.npmjs.org/@types/three/-/three-0.130.1.tgz",
      "integrity": "sha512-FlCR3CxQHxCmjI0ZCG59O/E15bV+bx7XRO+nJ7RY8KBg2pEF/52frmV/uh9SrLd+ORx+7Zc7NxnJm5Kj4xS9Sg==",
      "dev": true
    }
  }
}
